# THIS IS AN AUTOGENERATED FILE. DO NOT EDIT THIS FILE DIRECTLY.
# yarn lockfile v1


rellax@^1.10.0:
  version "1.10.0"
  resolved "https://registry.yarnpkg.com/rellax/-/rellax-1.10.0.tgz#0308b813b458f9175d37ffb4272e1f616eab1341"
  integrity sha512-BtxD9b8cAQcTs6iat1fqKvHMjIZ8CaxjsC5U/cIIVHC4LjkIsr0ZmeqxUm5ZvBvyjLwfPbU8Wcryp77sR5C8QA==
